
Microsoft Visual Studio Solution File, Format Version 12.00
# Visual Studio Version 16
VisualStudioVersion = 16.0.29926.136
MinimumVisualStudioVersion = 10.0.40219.1
Project("{FAE04EC0-301F-11D3-BF4B-00C04F79EFBC}") = "RealmDigitalAssessment.WindowsService", "RealmDigitalAssessment.WindowsService\RealmDigitalAssessment.WindowsService.csproj", "{F2709028-0F30-4613-91ED-F9FA46AFF55F}"
EndProject
Project("{FAE04EC0-301F-11D3-BF4B-00C04F79EFBC}") = "RealmDigitalAssessment.BusinessLayer", "RealmDigitalAssessment.BusinessLayer\RealmDigitalAssessment.BusinessLayer.csproj", "{EE8668C6-6D8A-4808-B15A-9C2B2BF2D8F9}"
EndProject
Project("{FAE04EC0-301F-11D3-BF4B-00C04F79EFBC}") = "RealmDigitalAssessment.DataAccess", "RealmDigitalAssessment.DataAccess\RealmDigitalAssessment.DataAccess.csproj", "{00FFCD2E-5D5F-463F-B892-AC4EAD3BFE76}"
EndProject
Project("{FAE04EC0-301F-11D3-BF4B-00C04F79EFBC}") = "RealmDigitalAssessment.DataAccess.Tests", "RealmDigitalAssessment.DataAccess.Tests\RealmDigitalAssessment.DataAccess.Tests.csproj", "{F24114DB-D2A8-4F3A-9010-1A87DEBA053F}"
EndProject
Project("{FAE04EC0-301F-11D3-BF4B-00C04F79EFBC}") = "RealmDigitalAssessment.BusinessLayer.Tests", "RealmDigitalAssessment.BusinessLayer.Tests\RealmDigitalAssessment.BusinessLayer.Tests.csproj", "{6B7B9B83-0B7C-47C3-9257-2B1FA700A610}"
EndProject
Global
	GlobalSection(SolutionConfigurationPlatforms) = preSolution
		Debug|Any CPU = Debug|Any CPU
		Release|Any CPU = Release|Any CPU
	EndGlobalSection
	GlobalSection(ProjectConfigurationPlatforms) = postSolution
		{F2709028-0F30-4613-91ED-F9FA46AFF55F}.Debug|Any CPU.ActiveCfg = Debug|Any CPU
		{F2709028-0F30-4613-91ED-F9FA46AFF55F}.Debug|Any CPU.Build.0 = Debug|Any CPU
		{F2709028-0F30-4613-91ED-F9FA46AFF55F}.Release|Any CPU.ActiveCfg = Release|Any CPU
		{F2709028-0F30-4613-91ED-F9FA46AFF55F}.Release|Any CPU.Build.0 = Release|Any CPU
		{EE8668C6-6D8A-4808-B15A-9C2B2BF2D8F9}.Debug|Any CPU.ActiveCfg = Debug|Any CPU
		{EE8668C6-6D8A-4808-B15A-9C2B2BF2D8F9}.Debug|Any CPU.Build.0 = Debug|Any CPU
		{EE8668C6-6D8A-4808-B15A-9C2B2BF2D8F9}.Release|Any CPU.ActiveCfg = Release|Any CPU
		{EE8668C6-6D8A-4808-B15A-9C2B2BF2D8F9}.Release|Any CPU.Build.0 = Release|Any CPU
		{00FFCD2E-5D5F-463F-B892-AC4EAD3BFE76}.Debug|Any CPU.ActiveCfg = Debug|Any CPU
		{00FFCD2E-5D5F-463F-B892-AC4EAD3BFE76}.Debug|Any CPU.Build.0 = Debug|Any CPU
		{00FFCD2E-5D5F-463F-B892-AC4EAD3BFE76}.Release|Any CPU.ActiveCfg = Release|Any CPU
		{00FFCD2E-5D5F-463F-B892-AC4EAD3BFE76}.Release|Any CPU.Build.0 = Release|Any CPU
		{F24114DB-D2A8-4F3A-9010-1A87DEBA053F}.Debug|Any CPU.ActiveCfg = Debug|Any CPU
		{F24114DB-D2A8-4F3A-9010-1A87DEBA053F}.Debug|Any CPU.Build.0 = Debug|Any CPU
		{F24114DB-D2A8-4F3A-9010-1A87DEBA053F}.Release|Any CPU.ActiveCfg = Release|Any CPU
		{F24114DB-D2A8-4F3A-9010-1A87DEBA053F}.Release|Any CPU.Build.0 = Release|Any CPU
		{6B7B9B83-0B7C-47C3-9257-2B1FA700A610}.Debug|Any CPU.ActiveCfg = Debug|Any CPU
		{6B7B9B83-0B7C-47C3-9257-2B1FA700A610}.Debug|Any CPU.Build.0 = Debug|Any CPU
		{6B7B9B83-0B7C-47C3-9257-2B1FA700A610}.Release|Any CPU.ActiveCfg = Release|Any CPU
		{6B7B9B83-0B7C-47C3-9257-2B1FA700A610}.Release|Any CPU.Build.0 = Release|Any CPU
	EndGlobalSection
	GlobalSection(SolutionProperties) = preSolution
		HideSolutionNode = FALSE
	EndGlobalSection
	GlobalSection(ExtensibilityGlobals) = postSolution
		SolutionGuid = {3084C053-F2B4-4FA5-B329-1E1B22526FEB}
	EndGlobalSection
EndGlobal
